// !$*UTF8*$!
{
	archiveVersion = 1;
	classes = {
	};
	objectVersion = 77;
	objects = {

/* Begin PBXBuildFile section */
		100847672E970E4E0006D721 /* TaskDetailView.swift in Sources */ = {isa = PBXBuildFile; fileRef = 100847662E970E4D0006D721 /* TaskDetailView.swift */; };
		1016C65F2E973E2700E01FA4 /* EntregaRowView.swift in Sources */ = {isa = PBXBuildFile; fileRef = 1016C65B2E973E2700E01FA4 /* EntregaRowView.swift */; };
		1016C6602E973E2700E01FA4 /* GradingSheetView.swift in Sources */ = {isa = PBXBuildFile; fileRef = 1016C65D2E973E2700E01FA4 /* GradingSheetView.swift */; };
		1016C6612E973E2700E01FA4 /* ImagePickerView.swift in Sources */ = {isa = PBXBuildFile; fileRef = 1016C65E2E973E2700E01FA4 /* ImagePickerView.swift */; };
		1016C6622E973E2700E01FA4 /* EntregasListView.swift in Sources */ = {isa = PBXBuildFile; fileRef = 1016C65C2E973E2700E01FA4 /* EntregasListView.swift */; };
		103895FB2E971AF000D2FC19 /* DataService.swift in Sources */ = {isa = PBXBuildFile; fileRef = 103895FA2E971AF000D2FC19 /* DataService.swift */; };
		105F7D6D2E8F85B3004724CB /* VistaLogin.swift in Sources */ = {isa = PBXBuildFile; fileRef = 105F7D6A2E8F85B3004724CB /* VistaLogin.swift */; };
		105F7D6F2E8F85B3004724CB /* LoginApp.swift in Sources */ = {isa = PBXBuildFile; fileRef = 105F7D692E8F85B3004724CB /* LoginApp.swift */; };
		105F7D702E8F85B3004724CB /* Autenticacion.swift in Sources */ = {isa = PBXBuildFile; fileRef = 105F7D662E8F85B3004724CB /* Autenticacion.swift */; };
		105F7D722E8F85B3004724CB /* VistaMain.swift in Sources */ = {isa = PBXBuildFile; fileRef = 105F7D6B2E8F85B3004724CB /* VistaMain.swift */; };
		10D116632E942C920070613C /* UniversityModels.swift in Sources */ = {isa = PBXBuildFile; fileRef = 10D116622E942C8C0070613C /* UniversityModels.swift */; };
		10D116652E942CBB0070613C /* VistaGrupos.swift in Sources */ = {isa = PBXBuildFile; fileRef = 10D116642E942CB80070613C /* VistaGrupos.swift */; };
		10D116692E942F1C0070613C /* ApiService.swift in Sources */ = {isa = PBXBuildFile; fileRef = 10D116682E942F190070613C /* ApiService.swift */; };
		10D1166B2E942F4F0070613C /* TaskListView.swift in Sources */ = {isa = PBXBuildFile; fileRef = 10D1166A2E942F460070613C /* TaskListView.swift */; };
		10D1166D2E94301C0070613C /* AsignacionesModels.swift in Sources */ = {isa = PBXBuildFile; fileRef = 10D1166C2E94301C0070613C /* AsignacionesModels.swift */; };
/* End PBXBuildFile section */

/* Begin PBXContainerItemProxy section */
		105F7D4A2E8F8561004724CB /* PBXContainerItemProxy */ = {
			isa = PBXContainerItemProxy;
			containerPortal = 105F7D322E8F8560004724CB /* Project object */;
			proxyType = 1;
			remoteGlobalIDString = 105F7D392E8F8560004724CB;
			remoteInfo = AppTareas;
		};
		105F7D542E8F8561004724CB /* PBXContainerItemProxy */ = {
			isa = PBXContainerItemProxy;
			containerPortal = 105F7D322E8F8560004724CB /* Project object */;
			proxyType = 1;
			remoteGlobalIDString = 105F7D392E8F8560004724CB;
			remoteInfo = AppTareas;
		};
/* End PBXContainerItemProxy section */

/* Begin PBXFileReference section */
		100847662E970E4D0006D721 /* TaskDetailView.swift */ = {isa = PBXFileReference; lastKnownFileType = sourcecode.swift; path = TaskDetailView.swift; sourceTree = "<group>"; };
		1016C65B2E973E2700E01FA4 /* EntregaRowView.swift */ = {isa = PBXFileReference; lastKnownFileType = sourcecode.swift; path = EntregaRowView.swift; sourceTree = "<group>"; };
		1016C65C2E973E2700E01FA4 /* EntregasListView.swift */ = {isa = PBXFileReference; lastKnownFileType = sourcecode.swift; path = EntregasListView.swift; sourceTree = "<group>"; };
		1016C65D2E973E2700E01FA4 /* GradingSheetView.swift */ = {isa = PBXFileReference; lastKnownFileType = sourcecode.swift; path = GradingSheetView.swift; sourceTree = "<group>"; };
		1016C65E2E973E2700E01FA4 /* ImagePickerView.swift */ = {isa = PBXFileReference; lastKnownFileType = sourcecode.swift; path = ImagePickerView.swift; sourceTree = "<group>"; };
		103895FA2E971AF000D2FC19 /* DataService.swift */ = {isa = PBXFileReference; lastKnownFileType = sourcecode.swift; path = DataService.swift; sourceTree = "<group>"; };
		105F7D3A2E8F8560004724CB /* AppTareas.app */ = {isa = PBXFileReference; explicitFileType = wrapper.application; includeInIndex = 0; path = AppTareas.app; sourceTree = BUILT_PRODUCTS_DIR; };
		105F7D492E8F8561004724CB /* AppTareasTests.xctest */ = {isa = PBXFileReference; explicitFileType = wrapper.cfbundle; includeInIndex = 0; path = AppTareasTests.xctest; sourceTree = BUILT_PRODUCTS_DIR; };
		105F7D532E8F8561004724CB /* AppTareasUITests.xctest */ = {isa = PBXFileReference; explicitFileType = wrapper.cfbundle; includeInIndex = 0; path = AppTareasUITests.xctest; sourceTree = BUILT_PRODUCTS_DIR; };
		105F7D662E8F85B3004724CB /* Autenticacion.swift */ = {isa = PBXFileReference; lastKnownFileType = sourcecode.swift; path = Autenticacion.swift; sourceTree = "<group>"; };
		105F7D692E8F85B3004724CB /* LoginApp.swift */ = {isa = PBXFileReference; lastKnownFileType = sourcecode.swift; path = LoginApp.swift; sourceTree = "<group>"; };
		105F7D6A2E8F85B3004724CB /* VistaLogin.swift */ = {isa = PBXFileReference; lastKnownFileType = sourcecode.swift; path = VistaLogin.swift; sourceTree = "<group>"; };
		105F7D6B2E8F85B3004724CB /* VistaMain.swift */ = {isa = PBXFileReference; lastKnownFileType = sourcecode.swift; path = VistaMain.swift; sourceTree = "<group>"; };
		10D116622E942C8C0070613C /* UniversityModels.swift */ = {isa = PBXFileReference; lastKnownFileType = sourcecode.swift; path = UniversityModels.swift; sourceTree = "<group>"; };
		10D116642E942CB80070613C /* VistaGrupos.swift */ = {isa = PBXFileReference; lastKnownFileType = sourcecode.swift; path = VistaGrupos.swift; sourceTree = "<group>"; };
		10D116682E942F190070613C /* ApiService.swift */ = {isa = PBXFileReference; lastKnownFileType = sourcecode.swift; path = ApiService.swift; sourceTree = "<group>"; };
		10D1166A2E942F460070613C /* TaskListView.swift */ = {isa = PBXFileReference; lastKnownFileType = sourcecode.swift; path = TaskListView.swift; sourceTree = "<group>"; };
		10D1166C2E94301C0070613C /* AsignacionesModels.swift */ = {isa = PBXFileReference; lastKnownFileType = sourcecode.swift; path = AsignacionesModels.swift; sourceTree = "<group>"; };
/* End PBXFileReference section */

/* Begin PBXFileSystemSynchronizedRootGroup section */
		105F7D4C2E8F8561004724CB /* AppTareasTests */ = {
			isa = PBXFileSystemSynchronizedRootGroup;
			path = AppTareasTests;
			sourceTree = "<group>";
		};
		105F7D562E8F8561004724CB /* AppTareasUITests */ = {
			isa = PBXFileSystemSynchronizedRootGroup;
			path = AppTareasUITests;
			sourceTree = "<group>";
		};
/* End PBXFileSystemSynchronizedRootGroup section */

/* Begin PBXFrameworksBuildPhase section */
		105F7D372E8F8560004724CB /* Frameworks */ = {
			isa = PBXFrameworksBuildPhase;
			buildActionMask = 2147483647;
			files = (
			);
			runOnlyForDeploymentPostprocessing = 0;
		};
		105F7D462E8F8561004724CB /* Frameworks */ = {
			isa = PBXFrameworksBuildPhase;
			buildActionMask = 2147483647;
			files = (
			);
			runOnlyForDeploymentPostprocessing = 0;
		};
		105F7D502E8F8561004724CB /* Frameworks */ = {
			isa = PBXFrameworksBuildPhase;
			buildActionMask = 2147483647;
			files = (
			);
			runOnlyForDeploymentPostprocessing = 0;
		};
/* End PBXFrameworksBuildPhase section */

/* Begin PBXGroup section */
		105F7D312E8F8560004724CB = {
			isa = PBXGroup;
			children = (
				105F7D4C2E8F8561004724CB /* AppTareasTests */,
				105F7D562E8F8561004724CB /* AppTareasUITests */,
				105F7D3B2E8F8560004724CB /* Products */,
				105F7D6C2E8F85B3004724CB /* Login 2 */,
			);
			sourceTree = "<group>";
		};
		105F7D3B2E8F8560004724CB /* Products */ = {
			isa = PBXGroup;
			children = (
				105F7D3A2E8F8560004724CB /* AppTareas.app */,
				105F7D492E8F8561004724CB /* AppTareasTests.xctest */,
				105F7D532E8F8561004724CB /* AppTareasUITests.xctest */,
			);
			name = Products;
			sourceTree = "<group>";
		};
		105F7D6C2E8F85B3004724CB /* Login 2 */ = {
			isa = PBXGroup;
			children = (
				1016C65B2E973E2700E01FA4 /* EntregaRowView.swift */,
				1016C65C2E973E2700E01FA4 /* EntregasListView.swift */,
				1016C65D2E973E2700E01FA4 /* GradingSheetView.swift */,
				1016C65E2E973E2700E01FA4 /* ImagePickerView.swift */,
				10D1166A2E942F460070613C /* TaskListView.swift */,
				10D116682E942F190070613C /* ApiService.swift */,
				10D116642E942CB80070613C /* VistaGrupos.swift */,
				10D116622E942C8C0070613C /* UniversityModels.swift */,
				103895FA2E971AF000D2FC19 /* DataService.swift */,
				105F7D662E8F85B3004724CB /* Autenticacion.swift */,
				105F7D692E8F85B3004724CB /* LoginApp.swift */,
				105F7D6A2E8F85B3004724CB /* VistaLogin.swift */,
				105F7D6B2E8F85B3004724CB /* VistaMain.swift */,
				10D1166C2E94301C0070613C /* AsignacionesModels.swift */,
				100847662E970E4D0006D721 /* TaskDetailView.swift */,
			);
			path = "Login 2";
			sourceTree = "<group>";
		};
/* End PBXGroup section */

/* Begin PBXNativeTarget section */
		105F7D392E8F8560004724CB /* AppTareas */ = {
			isa = PBXNativeTarget;
			buildConfigurationList = 105F7D5D2E8F8561004724CB /* Build configuration list for PBXNativeTarget "AppTareas" */;
			buildPhases = (
				105F7D362E8F8560004724CB /* Sources */,
				105F7D372E8F8560004724CB /* Frameworks */,
				105F7D382E8F8560004724CB /* Resources */,
			);
			buildRules = (
			);
			dependencies = (
			);
			name = AppTareas;
			packageProductDependencies = (
			);
			productName = AppTareas;
			productReference = 105F7D3A2E8F8560004724CB /* AppTareas.app */;
			productType = "com.apple.product-type.application";
		};
		105F7D482E8F8561004724CB /* AppTareasTests */ = {
			isa = PBXNativeTarget;
			buildConfigurationList = 105F7D602E8F8561004724CB /* Build configuration list for PBXNativeTarget "AppTareasTests" */;
			buildPhases = (
				105F7D452E8F8561004724CB /* Sources */,
				105F7D462E8F8561004724CB /* Frameworks */,
				105F7D472E8F8561004724CB /* Resources */,
			);
			buildRules = (
			);
			dependencies = (
				105F7D4B2E8F8561004724CB /* PBXTargetDependency */,
			);
			fileSystemSynchronizedGroups = (
				105F7D4C2E8F8561004724CB /* AppTareasTests */,
			);
			name = AppTareasTests;
			packageProductDependencies = (
			);
			productName = AppTareasTests;
			productReference = 105F7D492E8F8561004724CB /* AppTareasTests.xctest */;
			productType = "com.apple.product-type.bundle.unit-test";
		};
		105F7D522E8F8561004724CB /* AppTareasUITests */ = {
			isa = PBXNativeTarget;
			buildConfigurationList = 105F7D632E8F8561004724CB /* Build configuration list for PBXNativeTarget "AppTareasUITests" */;
			buildPhases = (
				105F7D4F2E8F8561004724CB /* Sources */,
				105F7D502E8F8561004724CB /* Frameworks */,
				105F7D512E8F8561004724CB /* Resources */,
			);
			buildRules = (
			);
			dependencies = (
				105F7D552E8F8561004724CB /* PBXTargetDependency */,
			);
			fileSystemSynchronizedGroups = (
				105F7D562E8F8561004724CB /* AppTareasUITests */,
			);
			name = AppTareasUITests;
			packageProductDependencies = (
			);
			productName = AppTareasUITests;
			productReference = 105F7D532E8F8561004724CB /* AppTareasUITests.xctest */;
			productType = "com.apple.product-type.bundle.ui-testing";
		};
/* End PBXNativeTarget section */

/* Begin PBXProject section */
		105F7D322E8F8560004724CB /* Project object */ = {
			isa = PBXProject;
			attributes = {
				BuildIndependentTargetsInParallel = 1;
				LastSwiftUpdateCheck = 2600;
				LastUpgradeCheck = 2600;
				TargetAttributes = {
					105F7D392E8F8560004724CB = {
						CreatedOnToolsVersion = 26.0.1;
					};
					105F7D482E8F8561004724CB = {
						CreatedOnToolsVersion = 26.0.1;
						TestTargetID = 105F7D392E8F8560004724CB;
					};
					105F7D522E8F8561004724CB = {
						CreatedOnToolsVersion = 26.0.1;
						TestTargetID = 105F7D392E8F8560004724CB;
					};
				};
			};
			buildConfigurationList = 105F7D352E8F8560004724CB /* Build configuration list for PBXProject "AppTareas" */;
			developmentRegion = en;
			hasScannedForEncodings = 0;
			knownRegions = (
				en,
				Base,
			);
			mainGroup = 105F7D312E8F8560004724CB;
			minimizedProjectReferenceProxies = 1;
			preferredProjectObjectVersion = 77;
			productRefGroup = 105F7D3B2E8F8560004724CB /* Products */;
			projectDirPath = "";
			projectRoot = "";
			targets = (
				105F7D392E8F8560004724CB /* AppTareas */,
				105F7D482E8F8561004724CB /* AppTareasTests */,
				105F7D522E8F8561004724CB /* AppTareasUITests */,
			);
		};
/* End PBXProject section */

/* Begin PBXResourcesBuildPhase section */
		105F7D382E8F8560004724CB /* Resources */ = {
			isa = PBXResourcesBuildPhase;
			buildActionMask = 2147483647;
			files = (
			);
			runOnlyForDeploymentPostprocessing = 0;
		};
		105F7D472E8F8561004724CB /* Resources */ = {
			isa = PBXResourcesBuildPhase;
			buildActionMask = 2147483647;
			files = (
			);
			runOnlyForDeploymentPostprocessing = 0;
		};
		105F7D512E8F8561004724CB /* Resources */ = {
			isa = PBXResourcesBuildPhase;
			buildActionMask = 2147483647;
			files = (
			);
			runOnlyForDeploymentPostprocessing = 0;
		};
/* End PBXResourcesBuildPhase section */

/* Begin PBXSourcesBuildPhase section */
		105F7D362E8F8560004724CB /* Sources */ = {
			isa = PBXSourcesBuildPhase;
			buildActionMask = 2147483647;
			files = (
				100847672E970E4E0006D721 /* TaskDetailView.swift in Sources */,
				103895FB2E971AF000D2FC19 /* DataService.swift in Sources */,
				105F7D6D2E8F85B3004724CB /* VistaLogin.swift in Sources */,
				10D1166B2E942F4F0070613C /* TaskListView.swift in Sources */,
				10D116632E942C920070613C /* UniversityModels.swift in Sources */,
				10D116652E942CBB0070613C /* VistaGrupos.swift in Sources */,
				105F7D6F2E8F85B3004724CB /* LoginApp.swift in Sources */,
				10D1166D2E94301C0070613C /* AsignacionesModels.swift in Sources */,
				10D116692E942F1C0070613C /* ApiService.swift in Sources */,
				105F7D702E8F85B3004724CB /* Autenticacion.swift in Sources */,
				1016C65F2E973E2700E01FA4 /* EntregaRowView.swift in Sources */,
				1016C6602E973E2700E01FA4 /* GradingSheetView.swift in Sources */,
				1016C6612E973E2700E01FA4 /* ImagePickerView.swift in Sources */,
				1016C6622E973E2700E01FA4 /* EntregasListView.swift in Sources */,
				105F7D722E8F85B3004724CB /* VistaMain.swift in Sources */,
			);
			runOnlyForDeploymentPostprocessing = 0;
		};
		105F7D452E8F8561004724CB /* Sources */ = {
			isa = PBXSourcesBuildPhase;
			buildActionMask = 2147483647;
			files = (
			);
			runOnlyForDeploymentPostprocessing = 0;
		};
		105F7D4F2E8F8561004724CB /* Sources */ = {
			isa = PBXSourcesBuildPhase;
			buildActionMask = 2147483647;
			files = (
			);
			runOnlyForDeploymentPostprocessing = 0;
		};
/* End PBXSourcesBuildPhase section */

/* Begin PBXTargetDependency section */
		105F7D4B2E8F8561004724CB /* PBXTargetDependency */ = {
			isa = PBXTargetDependency;
			target = 105F7D392E8F8560004724CB /* AppTareas */;
			targetProxy = 105F7D4A2E8F8561004724CB /* PBXContainerItemProxy */;
		};
		105F7D552E8F8561004724CB /* PBXTargetDependency */ = {
			isa = PBXTargetDependency;
			target = 105F7D392E8F8560004724CB /* AppTareas */;
			targetProxy = 105F7D542E8F8561004724CB /* PBXContainerItemProxy */;
		};
/* End PBXTargetDependency section */

/* Begin XCBuildConfiguration section */
		105F7D5B2E8F8561004724CB /* Debug */ = {
			isa = XCBuildConfiguration;
			buildSettings = {
				ALWAYS_SEARCH_USER_PATHS = NO;
				ASSETCATALOG_COMPILER_GENERATE_SWIFT_ASSET_SYMBOL_EXTENSIONS = YES;
				CLANG_ANALYZER_NONNULL = YES;
				CLANG_ANALYZER_NUMBER_OBJECT_CONVERSION = YES_AGGRESSIVE;
				CLANG_CXX_LANGUAGE_STANDARD = "gnu++20";
				CLANG_ENABLE_MODULES = YES;
				CLANG_ENABLE_OBJC_ARC = YES;
				CLANG_ENABLE_OBJC_WEAK = YES;
				CLANG_WARN_BLOCK_CAPTURE_AUTORELEASING = YES;
				CLANG_WARN_BOOL_CONVERSION = YES;
				CLANG_WARN_COMMA = YES;
				CLANG_WARN_CONSTANT_CONVERSION = YES;
				CLANG_WARN_DEPRECATED_OBJC_IMPLEMENTATIONS = YES;
				CLANG_WARN_DIRECT_OBJC_ISA_USAGE = YES_ERROR;
				CLANG_WARN_DOCUMENTATION_COMMENTS = YES;
				CLANG_WARN_EMPTY_BODY = YES;
				CLANG_WARN_ENUM_CONVERSION = YES;
				CLANG_WARN_INFINITE_RECURSION = YES;
				CLANG_WARN_INT_CONVERSION = YES;
				CLANG_WARN_NON_LITERAL_NULL_CONVERSION = YES;
				CLANG_WARN_OBJC_IMPLICIT_RETAIN_SELF = YES;
				CLANG_WARN_OBJC_LITERAL_CONVERSION = YES;
				CLANG_WARN_OBJC_ROOT_CLASS = YES_ERROR;
				CLANG_WARN_QUOTED_INCLUDE_IN_FRAMEWORK_HEADER = YES;
				CLANG_WARN_RANGE_LOOP_ANALYSIS = YES;
				CLANG_WARN_STRICT_PROTOTYPES = YES;
				CLANG_WARN_SUSPICIOUS_MOVE = YES;
				CLANG_WARN_UNGUARDED_AVAILABILITY = YES_AGGRESSIVE;
				CLANG_WARN_UNREACHABLE_CODE = YES;
				CLANG_WARN__DUPLICATE_METHOD_MATCH = YES;
				COPY_PHASE_STRIP = NO;
				DEBUG_INFORMATION_FORMAT = dwarf;
				ENABLE_STRICT_OBJC_MSGSEND = YES;
				ENABLE_TESTABILITY = YES;
				ENABLE_USER_SCRIPT_SANDBOXING = YES;
				GCC_C_LANGUAGE_STANDARD = gnu17;
				GCC_DYNAMIC_NO_PIC = NO;
				GCC_NO_COMMON_BLOCKS = YES;
				GCC_OPTIMIZATION_LEVEL = 0;
				GCC_PREPROCESSOR_DEFINITIONS = (
					"DEBUG=1",
					"$(inherited)",
				);
				GCC_WARN_64_TO_32_BIT_CONVERSION = YES;
				GCC_WARN_ABOUT_RETURN_TYPE = YES_ERROR;
				GCC_WARN_UNDECLARED_SELECTOR = YES;
				GCC_WARN_UNINITIALIZED_AUTOS = YES_AGGRESSIVE;
				GCC_WARN_UNUSED_FUNCTION = YES;
				GCC_WARN_UNUSED_VARIABLE = YES;
				IPHONEOS_DEPLOYMENT_TARGET = 26.0;
				LOCALIZATION_PREFERS_STRING_CATALOGS = YES;
				MTL_ENABLE_DEBUG_INFO = INCLUDE_SOURCE;
				MTL_FAST_MATH = YES;
				ONLY_ACTIVE_ARCH = YES;
				SDKROOT = iphoneos;
				SWIFT_ACTIVE_COMPILATION_CONDITIONS = "DEBUG $(inherited)";
				SWIFT_OPTIMIZATION_LEVEL = "-Onone";
			};
			name = Debug;
		};
		105F7D5C2E8F8561004724CB /* Release */ = {
			isa = XCBuildConfiguration;
			buildSettings = {
				ALWAYS_SEARCH_USER_PATHS = NO;
				ASSETCATALOG_COMPILER_GENERATE_SWIFT_ASSET_SYMBOL_EXTENSIONS = YES;
				CLANG_ANALYZER_NONNULL = YES;
				CLANG_ANALYZER_NUMBER_OBJECT_CONVERSION = YES_AGGRESSIVE;
				CLANG_CXX_LANGUAGE_STANDARD = "gnu++20";
				CLANG_ENABLE_MODULES = YES;
				CLANG_ENABLE_OBJC_ARC = YES;
				CLANG_ENABLE_OBJC_WEAK = YES;
				CLANG_WARN_BLOCK_CAPTURE_AUTORELEASING = YES;
				CLANG_WARN_BOOL_CONVERSION = YES;
				CLANG_WARN_COMMA = YES;
				CLANG_WARN_CONSTANT_CONVERSION = YES;
				CLANG_WARN_DEPRECATED_OBJC_IMPLEMENTATIONS = YES;
				CLANG_WARN_DIRECT_OBJC_ISA_USAGE = YES_ERROR;
				CLANG_WARN_DOCUMENTATION_COMMENTS = YES;
				CLANG_WARN_EMPTY_BODY = YES;
				CLANG_WARN_ENUM_CONVERSION = YES;
				CLANG_WARN_INFINITE_RECURSION = YES;
				CLANG_WARN_INT_CONVERSION = YES;
				CLANG_WARN_NON_LITERAL_NULL_CONVERSION = YES;
				CLANG_WARN_OBJC_IMPLICIT_RETAIN_SELF = YES;
				CLANG_WARN_OBJC_LITERAL_CONVERSION = YES;
				CLANG_WARN_OBJC_ROOT_CLASS = YES_ERROR;
				CLANG_WARN_QUOTED_INCLUDE_IN_FRAMEWORK_HEADER = YES;
				CLANG_WARN_RANGE_LOOP_ANALYSIS = YES;
				CLANG_WARN_STRICT_PROTOTYPES = YES;
				CLANG_WARN_SUSPICIOUS_MOVE = YES;
				CLANG_WARN_UNGUARDED_AVAILABILITY = YES_AGGRESSIVE;
				CLANG_WARN_UNREACHABLE_CODE = YES;
				CLANG_WARN__DUPLICATE_METHOD_MATCH = YES;
				COPY_PHASE_STRIP = NO;
				DEBUG_INFORMATION_FORMAT = "dwarf-with-dsym";
				ENABLE_NS_ASSERTIONS = NO;
				ENABLE_STRICT_OBJC_MSGSEND = YES;
				ENABLE_USER_SCRIPT_SANDBOXING = YES;
				GCC_C_LANGUAGE_STANDARD = gnu17;
				GCC_NO_COMMON_BLOCKS = YES;
				GCC_WARN_64_TO_32_BIT_CONVERSION = YES;
				GCC_WARN_ABOUT_RETURN_TYPE = YES_ERROR;
				GCC_WARN_UNDECLARED_SELECTOR = YES;
				GCC_WARN_UNINITIALIZED_AUTOS = YES_AGGRESSIVE;
				GCC_WARN_UNUSED_FUNCTION = YES;
				GCC_WARN_UNUSED_VARIABLE = YES;
				IPHONEOS_DEPLOYMENT_TARGET = 26.0;
				LOCALIZATION_PREFERS_STRING_CATALOGS = YES;
				MTL_ENABLE_DEBUG_INFO = NO;
				MTL_FAST_MATH = YES;
				SDKROOT = iphoneos;
				SWIFT_COMPILATION_MODE = wholemodule;
				VALIDATE_PRODUCT = YES;
			};
			name = Release;
		};
		105F7D5E2E8F8561004724CB /* Debug */ = {
			isa = XCBuildConfiguration;
			buildSettings = {
				ASSETCATALOG_COMPILER_APPICON_NAME = AppIcon;
				ASSETCATALOG_COMPILER_GLOBAL_ACCENT_COLOR_NAME = AccentColor;
				CODE_SIGN_STYLE = Automatic;
				CURRENT_PROJECT_VERSION = 1;
				DEVELOPMENT_TEAM = VW86F5RKDL;
				ENABLE_PREVIEWS = YES;
				GENERATE_INFOPLIST_FILE = YES;
				INFOPLIST_KEY_UIApplicationSceneManifest_Generation = YES;
				INFOPLIST_KEY_UIApplicationSupportsIndirectInputEvents = YES;
				INFOPLIST_KEY_UILaunchScreen_Generation = YES;
				INFOPLIST_KEY_UISupportedInterfaceOrientations_iPad = "UIInterfaceOrientationPortrait UIInterfaceOrientationPortraitUpsideDown UIInterfaceOrientationLandscapeLeft UIInterfaceOrientationLandscapeRight";
				INFOPLIST_KEY_UISupportedInterfaceOrientations_iPhone = "UIInterfaceOrientationPortrait UIInterfaceOrientationLandscapeLeft UIInterfaceOrientationLandscapeRight";
				LD_RUNPATH_SEARCH_PATHS = (
					"$(inherited)",
					"@executable_path/Frameworks",
				);
				MARKETING_VERSION = 1.0;
				PRODUCT_BUNDLE_IDENTIFIER = thug.AppTareas;
				PRODUCT_NAME = "$(TARGET_NAME)";
				STRING_CATALOG_GENERATE_SYMBOLS = YES;
				SWIFT_APPROACHABLE_CONCURRENCY = YES;
				SWIFT_DEFAULT_ACTOR_ISOLATION = MainActor;
				SWIFT_EMIT_LOC_STRINGS = YES;
				SWIFT_UPCOMING_FEATURE_MEMBER_IMPORT_VISIBILITY = YES;
				SWIFT_VERSION = 5.0;
				TARGETED_DEVICE_FAMILY = "1,2";
			};
			name = Debug;
		};
		105F7D5F2E8F8561004724CB /* Release */ = {
			isa = XCBuildConfiguration;
			buildSettings = {
				ASSETCATALOG_COMPILER_APPICON_NAME = AppIcon;
				ASSETCATALOG_COMPILER_GLOBAL_ACCENT_COLOR_NAME = AccentColor;
				CODE_SIGN_STYLE = Automatic;
				CURRENT_PROJECT_VERSION = 1;
				DEVELOPMENT_TEAM = VW86F5RKDL;
				ENABLE_PREVIEWS = YES;
				GENERATE_INFOPLIST_FILE = YES;
				INFOPLIST_KEY_UIApplicationSceneManifest_Generation = YES;
				INFOPLIST_KEY_UIApplicationSupportsIndirectInputEvents = YES;
				INFOPLIST_KEY_UILaunchScreen_Generation = YES;
				INFOPLIST_KEY_UISupportedInterfaceOrientations_iPad = "UIInterfaceOrientationPortrait UIInterfaceOrientationPortraitUpsideDown UIInterfaceOrientationLandscapeLeft UIInterfaceOrientationLandscapeRight";
				INFOPLIST_KEY_UISupportedInterfaceOrientations_iPhone = "UIInterfaceOrientationPortrait UIInterfaceOrientationLandscapeLeft UIInterfaceOrientationLandscapeRight";
				LD_RUNPATH_SEARCH_PATHS = (
					"$(inherited)",
					"@executable_path/Frameworks",
				);
				MARKETING_VERSION = 1.0;
				PRODUCT_BUNDLE_IDENTIFIER = thug.AppTareas;
				PRODUCT_NAME = "$(TARGET_NAME)";
				STRING_CATALOG_GENERATE_SYMBOLS = YES;
				SWIFT_APPROACHABLE_CONCURRENCY = YES;
				SWIFT_DEFAULT_ACTOR_ISOLATION = MainActor;
				SWIFT_EMIT_LOC_STRINGS = YES;
				SWIFT_UPCOMING_FEATURE_MEMBER_IMPORT_VISIBILITY = YES;
				SWIFT_VERSION = 5.0;
				TARGETED_DEVICE_FAMILY = "1,2";
			};
			name = Release;
		};
		105F7D612E8F8561004724CB /* Debug */ = {
			isa = XCBuildConfiguration;
			buildSettings = {
				BUNDLE_LOADER = "$(TEST_HOST)";
				CODE_SIGN_STYLE = Automatic;
				CURRENT_PROJECT_VERSION = 1;
				GENERATE_INFOPLIST_FILE = YES;
				IPHONEOS_DEPLOYMENT_TARGET = 26.0;
				MARKETING_VERSION = 1.0;
				PRODUCT_BUNDLE_IDENTIFIER = thug.AppTareasTests;
				PRODUCT_NAME = "$(TARGET_NAME)";
				STRING_CATALOG_GENERATE_SYMBOLS = NO;
				SWIFT_APPROACHABLE_CONCURRENCY = YES;
				SWIFT_EMIT_LOC_STRINGS = NO;
				SWIFT_UPCOMING_FEATURE_MEMBER_IMPORT_VISIBILITY = YES;
				SWIFT_VERSION = 5.0;
				TARGETED_DEVICE_FAMILY = "1,2";
				TEST_HOST = "$(BUILT_PRODUCTS_DIR)/AppTareas.app/$(BUNDLE_EXECUTABLE_FOLDER_PATH)/AppTareas";
			};
			name = Debug;
		};
		105F7D622E8F8561004724CB /* Release */ = {
			isa = XCBuildConfiguration;
			buildSettings = {
				BUNDLE_LOADER = "$(TEST_HOST)";
				CODE_SIGN_STYLE = Automatic;
				CURRENT_PROJECT_VERSION = 1;
				GENERATE_INFOPLIST_FILE = YES;
				IPHONEOS_DEPLOYMENT_TARGET = 26.0;
				MARKETING_VERSION = 1.0;
				PRODUCT_BUNDLE_IDENTIFIER = thug.AppTareasTests;
				PRODUCT_NAME = "$(TARGET_NAME)";
				STRING_CATALOG_GENERATE_SYMBOLS = NO;
				SWIFT_APPROACHABLE_CONCURRENCY = YES;
				SWIFT_EMIT_LOC_STRINGS = NO;
				SWIFT_UPCOMING_FEATURE_MEMBER_IMPORT_VISIBILITY = YES;
				SWIFT_VERSION = 5.0;
				TARGETED_DEVICE_FAMILY = "1,2";
				TEST_HOST = "$(BUILT_PRODUCTS_DIR)/AppTareas.app/$(BUNDLE_EXECUTABLE_FOLDER_PATH)/AppTareas";
			};
			name = Release;
		};
		105F7D642E8F8561004724CB /* Debug */ = {
			isa = XCBuildConfiguration;
			buildSettings = {
				CODE_SIGN_STYLE = Automatic;
				CURRENT_PROJECT_VERSION = 1;
				GENERATE_INFOPLIST_FILE = YES;
				MARKETING_VERSION = 1.0;
				PRODUCT_BUNDLE_IDENTIFIER = thug.AppTareasUITests;
				PRODUCT_NAME = "$(TARGET_NAME)";
				STRING_CATALOG_GENERATE_SYMBOLS = NO;
				SWIFT_APPROACHABLE_CONCURRENCY = YES;
				SWIFT_EMIT_LOC_STRINGS = NO;
				SWIFT_UPCOMING_FEATURE_MEMBER_IMPORT_VISIBILITY = YES;
				SWIFT_VERSION = 5.0;
				TARGETED_DEVICE_FAMILY = "1,2";
				TEST_TARGET_NAME = AppTareas;
			};
			name = Debug;
		};
		105F7D652E8F8561004724CB /* Release */ = {
			isa = XCBuildConfiguration;
			buildSettings = {
				CODE_SIGN_STYLE = Automatic;
				CURRENT_PROJECT_VERSION = 1;
				GENERATE_INFOPLIST_FILE = YES;
				MARKETING_VERSION = 1.0;
				PRODUCT_BUNDLE_IDENTIFIER = thug.AppTareasUITests;
				PRODUCT_NAME = "$(TARGET_NAME)";
				STRING_CATALOG_GENERATE_SYMBOLS = NO;
				SWIFT_APPROACHABLE_CONCURRENCY = YES;
				SWIFT_EMIT_LOC_STRINGS = NO;
				SWIFT_UPCOMING_FEATURE_MEMBER_IMPORT_VISIBILITY = YES;
				SWIFT_VERSION = 5.0;
				TARGETED_DEVICE_FAMILY = "1,2";
				TEST_TARGET_NAME = AppTareas;
			};
			name = Release;
		};
/* End XCBuildConfiguration section */

/* Begin XCConfigurationList section */
		105F7D352E8F8560004724CB /* Build configuration list for PBXProject "AppTareas" */ = {
			isa = XCConfigurationList;
			buildConfigurations = (
				105F7D5B2E8F8561004724CB /* Debug */,
				105F7D5C2E8F8561004724CB /* Release */,
			);
			defaultConfigurationIsVisible = 0;
			defaultConfigurationName = Release;
		};
		105F7D5D2E8F8561004724CB /* Build configuration list for PBXNativeTarget "AppTareas" */ = {
			isa = XCConfigurationList;
			buildConfigurations = (
				105F7D5E2E8F8561004724CB /* Debug */,
				105F7D5F2E8F8561004724CB /* Release */,
			);
			defaultConfigurationIsVisible = 0;
			defaultConfigurationName = Release;
		};
		105F7D602E8F8561004724CB /* Build configuration list for PBXNativeTarget "AppTareasTests" */ = {
			isa = XCConfigurationList;
			buildConfigurations = (
				105F7D612E8F8561004724CB /* Debug */,
				105F7D622E8F8561004724CB /* Release */,
			);
			defaultConfigurationIsVisible = 0;
			defaultConfigurationName = Release;
		};
		105F7D632E8F8561004724CB /* Build configuration list for PBXNativeTarget "AppTareasUITests" */ = {
			isa = XCConfigurationList;
			buildConfigurations = (
				105F7D642E8F8561004724CB /* Debug */,
				105F7D652E8F8561004724CB /* Release */,
			);
			defaultConfigurationIsVisible = 0;
			defaultConfigurationName = Release;
		};
/* End XCConfigurationList section */
	};
	rootObject = 105F7D322E8F8560004724CB /* Project object */;
}
